
Microsoft Visual Studio Solution File, Format Version 12.00
# Visual Studio Version 16
VisualStudioVersion = 16.0.31515.178
MinimumVisualStudioVersion = 10.0.40219.1
Project("{9A19103F-16F7-4668-BE54-9A1E7A4F7556}") = "Pokemon", "Pokemon\Pokemon.csproj", "{2BFACB1C-FE9B-43D7-956A-19E2E9FEC735}"
EndProject
Project("{9A19103F-16F7-4668-BE54-9A1E7A4F7556}") = "Pokemon.Logic", "Pokemon.Logic\Pokemon.Logic.csproj", "{43E0BE90-B7B0-40DC-8754-DC74721B3AB6}"
EndProject
Project("{9A19103F-16F7-4668-BE54-9A1E7A4F7556}") = "Models", "Models\Models.csproj", "{178249A2-B291-41EB-BE10-1018933D9DCA}"
EndProject
Global
	GlobalSection(SolutionConfigurationPlatforms) = preSolution
		Debug|Any CPU = Debug|Any CPU
		Release|Any CPU = Release|Any CPU
	EndGlobalSection
	GlobalSection(ProjectConfigurationPlatforms) = postSolution
		{2BFACB1C-FE9B-43D7-956A-19E2E9FEC735}.Debug|Any CPU.ActiveCfg = Debug|Any CPU
		{2BFACB1C-FE9B-43D7-956A-19E2E9FEC735}.Debug|Any CPU.Build.0 = Debug|Any CPU
		{2BFACB1C-FE9B-43D7-956A-19E2E9FEC735}.Release|Any CPU.ActiveCfg = Release|Any CPU
		{2BFACB1C-FE9B-43D7-956A-19E2E9FEC735}.Release|Any CPU.Build.0 = Release|Any CPU
		{43E0BE90-B7B0-40DC-8754-DC74721B3AB6}.Debug|Any CPU.ActiveCfg = Debug|Any CPU
		{43E0BE90-B7B0-40DC-8754-DC74721B3AB6}.Debug|Any CPU.Build.0 = Debug|Any CPU
		{43E0BE90-B7B0-40DC-8754-DC74721B3AB6}.Release|Any CPU.ActiveCfg = Release|Any CPU
		{43E0BE90-B7B0-40DC-8754-DC74721B3AB6}.Release|Any CPU.Build.0 = Release|Any CPU
		{178249A2-B291-41EB-BE10-1018933D9DCA}.Debug|Any CPU.ActiveCfg = Debug|Any CPU
		{178249A2-B291-41EB-BE10-1018933D9DCA}.Debug|Any CPU.Build.0 = Debug|Any CPU
		{178249A2-B291-41EB-BE10-1018933D9DCA}.Release|Any CPU.ActiveCfg = Release|Any CPU
		{178249A2-B291-41EB-BE10-1018933D9DCA}.Release|Any CPU.Build.0 = Release|Any CPU
	EndGlobalSection
	GlobalSection(SolutionProperties) = preSolution
		HideSolutionNode = FALSE
	EndGlobalSection
	GlobalSection(ExtensibilityGlobals) = postSolution
		SolutionGuid = {A3195F30-6B98-4B43-BDEA-91096953D60A}
	EndGlobalSection
EndGlobal
